
Microsoft Visual Studio Solution File, Format Version 12.00
# Blend for Visual Studio Version 16
VisualStudioVersion = 16.0.34114.132
MinimumVisualStudioVersion = 10.0.40219.1
Project("{FAE04EC0-301F-11D3-BF4B-00C04F79EFBC}") = "TestApp", "TestApp\TestApp.csproj", "{394D0909-8E54-4176-B92D-1475713EE3AE}"
EndProject
Global
	GlobalSection(SolutionConfigurationPlatforms) = preSolution
		Debug|Any CPU = Debug|Any CPU
		Release|Any CPU = Release|Any CPU
	EndGlobalSection
	GlobalSection(ProjectConfigurationPlatforms) = postSolution
		{394D0909-8E54-4176-B92D-1475713EE3AE}.Debug|Any CPU.ActiveCfg = Debug|Any CPU
		{394D0909-8E54-4176-B92D-1475713EE3AE}.Debug|Any CPU.Build.0 = Debug|Any CPU
		{394D0909-8E54-4176-B92D-1475713EE3AE}.Release|Any CPU.ActiveCfg = Release|Any CPU
		{394D0909-8E54-4176-B92D-1475713EE3AE}.Release|Any CPU.Build.0 = Release|Any CPU
	EndGlobalSection
	GlobalSection(SolutionProperties) = preSolution
		HideSolutionNode = FALSE
	EndGlobalSection
	GlobalSection(ExtensibilityGlobals) = postSolution
		SolutionGuid = {8B331DDC-B4C2-49EF-BA6B-01E41E42B228}
	EndGlobalSection
EndGlobal
